
Microsoft Visual Studio Solution File, Format Version 12.00
# Visual Studio 2012
Project("{FAE04EC0-301F-11D3-BF4B-00C04F79EFBC}") = "XamarinFormsSliderApp", "XamarinFormsSliderApp\XamarinFormsSliderApp.csproj", "{6D1980E6-4BEF-4B98-BD4A-D14E06574AA7}"
EndProject
Project("{FAE04EC0-301F-11D3-BF4B-00C04F79EFBC}") = "XamarinFormsSliderApp.iOS", "iOS\XamarinFormsSliderApp.iOS.csproj", "{508BF584-645D-4973-B886-CE9DAE4D29FE}"
EndProject
Project("{FAE04EC0-301F-11D3-BF4B-00C04F79EFBC}") = "XamarinFormsSliderApp.Droid", "Droid\XamarinFormsSliderApp.Droid.csproj", "{C5AEFC7E-B60B-409D-82A7-BDEA629E4F30}"
EndProject
Global
	GlobalSection(SolutionConfigurationPlatforms) = preSolution
		Debug|Any CPU = Debug|Any CPU
		Release|Any CPU = Release|Any CPU
		Debug|iPhoneSimulator = Debug|iPhoneSimulator
		Release|iPhone = Release|iPhone
		Release|iPhoneSimulator = Release|iPhoneSimulator
		Debug|iPhone = Debug|iPhone
	EndGlobalSection
	GlobalSection(ProjectConfigurationPlatforms) = postSolution
		{6D1980E6-4BEF-4B98-BD4A-D14E06574AA7}.Debug|Any CPU.ActiveCfg = Debug|Any CPU
		{6D1980E6-4BEF-4B98-BD4A-D14E06574AA7}.Debug|Any CPU.Build.0 = Debug|Any CPU
		{6D1980E6-4BEF-4B98-BD4A-D14E06574AA7}.Release|Any CPU.ActiveCfg = Release|Any CPU
		{6D1980E6-4BEF-4B98-BD4A-D14E06574AA7}.Release|Any CPU.Build.0 = Release|Any CPU
		{6D1980E6-4BEF-4B98-BD4A-D14E06574AA7}.Debug|iPhoneSimulator.ActiveCfg = Debug|Any CPU
		{6D1980E6-4BEF-4B98-BD4A-D14E06574AA7}.Debug|iPhoneSimulator.Build.0 = Debug|Any CPU
		{6D1980E6-4BEF-4B98-BD4A-D14E06574AA7}.Release|iPhone.ActiveCfg = Release|Any CPU
		{6D1980E6-4BEF-4B98-BD4A-D14E06574AA7}.Release|iPhone.Build.0 = Release|Any CPU
		{6D1980E6-4BEF-4B98-BD4A-D14E06574AA7}.Release|iPhoneSimulator.ActiveCfg = Release|Any CPU
		{6D1980E6-4BEF-4B98-BD4A-D14E06574AA7}.Release|iPhoneSimulator.Build.0 = Release|Any CPU
		{6D1980E6-4BEF-4B98-BD4A-D14E06574AA7}.Debug|iPhone.ActiveCfg = Debug|Any CPU
		{6D1980E6-4BEF-4B98-BD4A-D14E06574AA7}.Debug|iPhone.Build.0 = Debug|Any CPU
		{508BF584-645D-4973-B886-CE9DAE4D29FE}.Debug|Any CPU.ActiveCfg = Debug|iPhoneSimulator
		{508BF584-645D-4973-B886-CE9DAE4D29FE}.Debug|Any CPU.Build.0 = Debug|iPhoneSimulator
		{508BF584-645D-4973-B886-CE9DAE4D29FE}.Release|Any CPU.ActiveCfg = Release|iPhone
		{508BF584-645D-4973-B886-CE9DAE4D29FE}.Release|Any CPU.Build.0 = Release|iPhone
		{508BF584-645D-4973-B886-CE9DAE4D29FE}.Debug|iPhoneSimulator.ActiveCfg = Debug|iPhoneSimulator
		{508BF584-645D-4973-B886-CE9DAE4D29FE}.Debug|iPhoneSimulator.Build.0 = Debug|iPhoneSimulator
		{508BF584-645D-4973-B886-CE9DAE4D29FE}.Release|iPhone.ActiveCfg = Release|iPhone
		{508BF584-645D-4973-B886-CE9DAE4D29FE}.Release|iPhone.Build.0 = Release|iPhone
		{508BF584-645D-4973-B886-CE9DAE4D29FE}.Release|iPhoneSimulator.ActiveCfg = Release|iPhoneSimulator
		{508BF584-645D-4973-B886-CE9DAE4D29FE}.Release|iPhoneSimulator.Build.0 = Release|iPhoneSimulator
		{508BF584-645D-4973-B886-CE9DAE4D29FE}.Debug|iPhone.ActiveCfg = Debug|iPhone
		{508BF584-645D-4973-B886-CE9DAE4D29FE}.Debug|iPhone.Build.0 = Debug|iPhone
		{C5AEFC7E-B60B-409D-82A7-BDEA629E4F30}.Debug|Any CPU.ActiveCfg = Debug|Any CPU
		{C5AEFC7E-B60B-409D-82A7-BDEA629E4F30}.Debug|Any CPU.Build.0 = Debug|Any CPU
		{C5AEFC7E-B60B-409D-82A7-BDEA629E4F30}.Release|Any CPU.ActiveCfg = Release|Any CPU
		{C5AEFC7E-B60B-409D-82A7-BDEA629E4F30}.Release|Any CPU.Build.0 = Release|Any CPU
		{C5AEFC7E-B60B-409D-82A7-BDEA629E4F30}.Debug|iPhoneSimulator.ActiveCfg = Debug|Any CPU
		{C5AEFC7E-B60B-409D-82A7-BDEA629E4F30}.Debug|iPhoneSimulator.Build.0 = Debug|Any CPU
		{C5AEFC7E-B60B-409D-82A7-BDEA629E4F30}.Release|iPhone.ActiveCfg = Release|Any CPU
		{C5AEFC7E-B60B-409D-82A7-BDEA629E4F30}.Release|iPhone.Build.0 = Release|Any CPU
		{C5AEFC7E-B60B-409D-82A7-BDEA629E4F30}.Release|iPhoneSimulator.ActiveCfg = Release|Any CPU
		{C5AEFC7E-B60B-409D-82A7-BDEA629E4F30}.Release|iPhoneSimulator.Build.0 = Release|Any CPU
		{C5AEFC7E-B60B-409D-82A7-BDEA629E4F30}.Debug|iPhone.ActiveCfg = Debug|Any CPU
		{C5AEFC7E-B60B-409D-82A7-BDEA629E4F30}.Debug|iPhone.Build.0 = Debug|Any CPU
	EndGlobalSection
EndGlobal
